
Microsoft Visual Studio Solution File, Format Version 12.00
# Visual Studio Version 17
VisualStudioVersion = 17.5.33530.505
MinimumVisualStudioVersion = 10.0.40219.1
Project("{FAE04EC0-301F-11D3-BF4B-00C04F79EFBC}") = "Assignmnt4", "Assignmnt4.csproj", "{5E5E4B46-7F04-4320-BC7D-E6750B63ECFC}"
EndProject
Global
	GlobalSection(SolutionConfigurationPlatforms) = preSolution
		Debug|Any CPU = Debug|Any CPU
		Release|Any CPU = Release|Any CPU
	EndGlobalSection
	GlobalSection(ProjectConfigurationPlatforms) = postSolution
		{5E5E4B46-7F04-4320-BC7D-E6750B63ECFC}.Debug|Any CPU.ActiveCfg = Debug|Any CPU
		{5E5E4B46-7F04-4320-BC7D-E6750B63ECFC}.Debug|Any CPU.Build.0 = Debug|Any CPU
		{5E5E4B46-7F04-4320-BC7D-E6750B63ECFC}.Release|Any CPU.ActiveCfg = Release|Any CPU
		{5E5E4B46-7F04-4320-BC7D-E6750B63ECFC}.Release|Any CPU.Build.0 = Release|Any CPU
	EndGlobalSection
	GlobalSection(SolutionProperties) = preSolution
		HideSolutionNode = FALSE
	EndGlobalSection
	GlobalSection(ExtensibilityGlobals) = postSolution
		SolutionGuid = {B64498E7-2924-4A4E-AD38-2902D7AB3BA9}
	EndGlobalSection
EndGlobal
