
Microsoft Visual Studio Solution File, Format Version 12.00
# Visual Studio Version 17
VisualStudioVersion = 17.5.33530.505
MinimumVisualStudioVersion = 10.0.40219.1
Project("{FAE04EC0-301F-11D3-BF4B-00C04F79EFBC}") = "Assignmnt1", "Assignmnt1\Assignmnt1.csproj", "{00DFE23D-F03B-4F62-8A92-4CC71A175B90}"
EndProject
Global
	GlobalSection(SolutionConfigurationPlatforms) = preSolution
		Debug|Any CPU = Debug|Any CPU
		Release|Any CPU = Release|Any CPU
	EndGlobalSection
	GlobalSection(ProjectConfigurationPlatforms) = postSolution
		{00DFE23D-F03B-4F62-8A92-4CC71A175B90}.Debug|Any CPU.ActiveCfg = Debug|Any CPU
		{00DFE23D-F03B-4F62-8A92-4CC71A175B90}.Debug|Any CPU.Build.0 = Debug|Any CPU
		{00DFE23D-F03B-4F62-8A92-4CC71A175B90}.Release|Any CPU.ActiveCfg = Release|Any CPU
		{00DFE23D-F03B-4F62-8A92-4CC71A175B90}.Release|Any CPU.Build.0 = Release|Any CPU
	EndGlobalSection
	GlobalSection(SolutionProperties) = preSolution
		HideSolutionNode = FALSE
	EndGlobalSection
	GlobalSection(ExtensibilityGlobals) = postSolution
		SolutionGuid = {007C40D0-5468-4538-946A-2BBE0C55D511}
	EndGlobalSection
EndGlobal
