
Microsoft Visual Studio Solution File, Format Version 12.00
# Visual Studio Version 17
VisualStudioVersion = 17.5.33530.505
MinimumVisualStudioVersion = 10.0.40219.1
Project("{FAE04EC0-301F-11D3-BF4B-00C04F79EFBC}") = "Assignmnt 5", "Assignmnt 5\Assignmnt 5.csproj", "{4DA98D2B-1654-4717-9948-21F7D63E3DAE}"
EndProject
Global
	GlobalSection(SolutionConfigurationPlatforms) = preSolution
		Debug|Any CPU = Debug|Any CPU
		Release|Any CPU = Release|Any CPU
	EndGlobalSection
	GlobalSection(ProjectConfigurationPlatforms) = postSolution
		{4DA98D2B-1654-4717-9948-21F7D63E3DAE}.Debug|Any CPU.ActiveCfg = Debug|Any CPU
		{4DA98D2B-1654-4717-9948-21F7D63E3DAE}.Debug|Any CPU.Build.0 = Debug|Any CPU
		{4DA98D2B-1654-4717-9948-21F7D63E3DAE}.Release|Any CPU.ActiveCfg = Release|Any CPU
		{4DA98D2B-1654-4717-9948-21F7D63E3DAE}.Release|Any CPU.Build.0 = Release|Any CPU
	EndGlobalSection
	GlobalSection(SolutionProperties) = preSolution
		HideSolutionNode = FALSE
	EndGlobalSection
	GlobalSection(ExtensibilityGlobals) = postSolution
		SolutionGuid = {808F6481-A637-45C3-A76E-114A3A6874FD}
	EndGlobalSection
EndGlobal
