
Microsoft Visual Studio Solution File, Format Version 12.00
# Visual Studio Version 17
VisualStudioVersion = 17.5.33530.505
MinimumVisualStudioVersion = 10.0.40219.1
Project("{FAE04EC0-301F-11D3-BF4B-00C04F79EFBC}") = "demo", "demo.csproj", "{0A96F57F-F7F5-4BB5-91FE-06BAE5A6729C}"
EndProject
Global
	GlobalSection(SolutionConfigurationPlatforms) = preSolution
		Debug|Any CPU = Debug|Any CPU
		Release|Any CPU = Release|Any CPU
	EndGlobalSection
	GlobalSection(ProjectConfigurationPlatforms) = postSolution
		{0A96F57F-F7F5-4BB5-91FE-06BAE5A6729C}.Debug|Any CPU.ActiveCfg = Debug|Any CPU
		{0A96F57F-F7F5-4BB5-91FE-06BAE5A6729C}.Debug|Any CPU.Build.0 = Debug|Any CPU
		{0A96F57F-F7F5-4BB5-91FE-06BAE5A6729C}.Release|Any CPU.ActiveCfg = Release|Any CPU
		{0A96F57F-F7F5-4BB5-91FE-06BAE5A6729C}.Release|Any CPU.Build.0 = Release|Any CPU
	EndGlobalSection
	GlobalSection(SolutionProperties) = preSolution
		HideSolutionNode = FALSE
	EndGlobalSection
	GlobalSection(ExtensibilityGlobals) = postSolution
		SolutionGuid = {C6DCAEEB-AFA7-46C6-8E35-788511C17C92}
	EndGlobalSection
EndGlobal
