
Microsoft Visual Studio Solution File, Format Version 12.00
# Visual Studio Version 17
VisualStudioVersion = 17.5.33530.505
MinimumVisualStudioVersion = 10.0.40219.1
Project("{FAE04EC0-301F-11D3-BF4B-00C04F79EFBC}") = "Task1", "Task1.csproj", "{B3234C68-8C83-4007-A07B-BCECEB4A6422}"
EndProject
Global
	GlobalSection(SolutionConfigurationPlatforms) = preSolution
		Debug|Any CPU = Debug|Any CPU
		Release|Any CPU = Release|Any CPU
	EndGlobalSection
	GlobalSection(ProjectConfigurationPlatforms) = postSolution
		{B3234C68-8C83-4007-A07B-BCECEB4A6422}.Debug|Any CPU.ActiveCfg = Debug|Any CPU
		{B3234C68-8C83-4007-A07B-BCECEB4A6422}.Debug|Any CPU.Build.0 = Debug|Any CPU
		{B3234C68-8C83-4007-A07B-BCECEB4A6422}.Release|Any CPU.ActiveCfg = Release|Any CPU
		{B3234C68-8C83-4007-A07B-BCECEB4A6422}.Release|Any CPU.Build.0 = Release|Any CPU
	EndGlobalSection
	GlobalSection(SolutionProperties) = preSolution
		HideSolutionNode = FALSE
	EndGlobalSection
	GlobalSection(ExtensibilityGlobals) = postSolution
		SolutionGuid = {C240DE6E-98F5-4B0E-8821-0DB05316BABE}
	EndGlobalSection
EndGlobal
